
Microsoft Visual Studio Solution File, Format Version 11.00
# Visual C# Express 2010
Project("{FAE04EC0-301F-11D3-BF4B-00C04F79EFBC}") = "Daniel_KHaliulin_LINQ_XML", "Daniel_KHaliulin_LINQ_XML\Daniel_KHaliulin_LINQ_XML.csproj", "{925F0048-64FD-448A-9EED-77B9576FCCDC}"
EndProject
Global
	GlobalSection(SolutionConfigurationPlatforms) = preSolution
		Debug|x86 = Debug|x86
		Release|x86 = Release|x86
	EndGlobalSection
	GlobalSection(ProjectConfigurationPlatforms) = postSolution
		{925F0048-64FD-448A-9EED-77B9576FCCDC}.Debug|x86.ActiveCfg = Debug|x86
		{925F0048-64FD-448A-9EED-77B9576FCCDC}.Debug|x86.Build.0 = Debug|x86
		{925F0048-64FD-448A-9EED-77B9576FCCDC}.Release|x86.ActiveCfg = Release|x86
		{925F0048-64FD-448A-9EED-77B9576FCCDC}.Release|x86.Build.0 = Release|x86
	EndGlobalSection
	GlobalSection(SolutionProperties) = preSolution
		HideSolutionNode = FALSE
	EndGlobalSection
EndGlobal
